// !$*UTF8*$!
{
	archiveVersion = 1;
	classes = {
	};
	objectVersion = 56;
	objects = {

/* Begin PBXBuildFile section */
		3F255CAC2B9B50D20098D7F0 /* AppDelegate.swift in Sources */ = {isa = PBXBuildFile; fileRef = 3F255CAB2B9B50D20098D7F0 /* AppDelegate.swift */; };
		3F255CAE2B9B50D20098D7F0 /* SceneDelegate.swift in Sources */ = {isa = PBXBuildFile; fileRef = 3F255CAD2B9B50D20098D7F0 /* SceneDelegate.swift */; };
		3F255CB32B9B50D20098D7F0 /* Base in Resources */ = {isa = PBXBuildFile; fileRef = 3F255CB22B9B50D20098D7F0 /* Base */; };
		3F255CB52B9B50D80098D7F0 /* Assets.xcassets in Resources */ = {isa = PBXBuildFile; fileRef = 3F255CB42B9B50D80098D7F0 /* Assets.xcassets */; };
		3F255CB82B9B50D80098D7F0 /* Base in Resources */ = {isa = PBXBuildFile; fileRef = 3F255CB72B9B50D80098D7F0 /* Base */; };
		3F255CDC2B9B56420098D7F0 /* ColorsScreenVC.swift in Sources */ = {isa = PBXBuildFile; fileRef = 3F255CDB2B9B56410098D7F0 /* ColorsScreenVC.swift */; };
		3F255CDE2B9B579A0098D7F0 /* DetailsForColorsVC.swift in Sources */ = {isa = PBXBuildFile; fileRef = 3F255CDD2B9B579A0098D7F0 /* DetailsForColorsVC.swift */; };
/* End PBXBuildFile section */

/* Begin PBXContainerItemProxy section */
		3F255CBF2B9B50D80098D7F0 /* PBXContainerItemProxy */ = {
			isa = PBXContainerItemProxy;
			containerPortal = 3F255CA02B9B50D20098D7F0 /* Project object */;
			proxyType = 1;
			remoteGlobalIDString = 3F255CA72B9B50D20098D7F0;
			remoteInfo = test_Project_Colors;
		};
		3F255CC92B9B50D80098D7F0 /* PBXContainerItemProxy */ = {
			isa = PBXContainerItemProxy;
			containerPortal = 3F255CA02B9B50D20098D7F0 /* Project object */;
			proxyType = 1;
			remoteGlobalIDString = 3F255CA72B9B50D20098D7F0;
			remoteInfo = test_Project_Colors;
		};
/* End PBXContainerItemProxy section */

/* Begin PBXFileReference section */
		3F255CA82B9B50D20098D7F0 /* test_Project_Colors.app */ = {isa = PBXFileReference; explicitFileType = wrapper.application; includeInIndex = 0; path = test_Project_Colors.app; sourceTree = BUILT_PRODUCTS_DIR; };
		3F255CAB2B9B50D20098D7F0 /* AppDelegate.swift */ = {isa = PBXFileReference; lastKnownFileType = sourcecode.swift; path = AppDelegate.swift; sourceTree = "<group>"; };
		3F255CAD2B9B50D20098D7F0 /* SceneDelegate.swift */ = {isa = PBXFileReference; lastKnownFileType = sourcecode.swift; path = SceneDelegate.swift; sourceTree = "<group>"; };
		3F255CB22B9B50D20098D7F0 /* Base */ = {isa = PBXFileReference; lastKnownFileType = file.storyboard; name = Base; path = Base.lproj/Main.storyboard; sourceTree = "<group>"; };
		3F255CB42B9B50D80098D7F0 /* Assets.xcassets */ = {isa = PBXFileReference; lastKnownFileType = folder.assetcatalog; path = Assets.xcassets; sourceTree = "<group>"; };
		3F255CB72B9B50D80098D7F0 /* Base */ = {isa = PBXFileReference; lastKnownFileType = file.storyboard; name = Base; path = Base.lproj/LaunchScreen.storyboard; sourceTree = "<group>"; };
		3F255CB92B9B50D80098D7F0 /* Info.plist */ = {isa = PBXFileReference; lastKnownFileType = text.plist.xml; path = Info.plist; sourceTree = "<group>"; };
		3F255CBE2B9B50D80098D7F0 /* test_Project_ColorsTests.xctest */ = {isa = PBXFileReference; explicitFileType = wrapper.cfbundle; includeInIndex = 0; path = test_Project_ColorsTests.xctest; sourceTree = BUILT_PRODUCTS_DIR; };
		3F255CC82B9B50D80098D7F0 /* test_Project_ColorsUITests.xctest */ = {isa = PBXFileReference; explicitFileType = wrapper.cfbundle; includeInIndex = 0; path = test_Project_ColorsUITests.xctest; sourceTree = BUILT_PRODUCTS_DIR; };
		3F255CDB2B9B56410098D7F0 /* ColorsScreenVC.swift */ = {isa = PBXFileReference; lastKnownFileType = sourcecode.swift; path = ColorsScreenVC.swift; sourceTree = "<group>"; };
		3F255CDD2B9B579A0098D7F0 /* DetailsForColorsVC.swift */ = {isa = PBXFileReference; lastKnownFileType = sourcecode.swift; path = DetailsForColorsVC.swift; sourceTree = "<group>"; };
/* End PBXFileReference section */

/* Begin PBXFrameworksBuildPhase section */
		3F255CA52B9B50D20098D7F0 /* Frameworks */ = {
			isa = PBXFrameworksBuildPhase;
			buildActionMask = 2147483647;
			files = (
			);
			runOnlyForDeploymentPostprocessing = 0;
		};
		3F255CBB2B9B50D80098D7F0 /* Frameworks */ = {
			isa = PBXFrameworksBuildPhase;
			buildActionMask = 2147483647;
			files = (
			);
			runOnlyForDeploymentPostprocessing = 0;
		};
		3F255CC52B9B50D80098D7F0 /* Frameworks */ = {
			isa = PBXFrameworksBuildPhase;
			buildActionMask = 2147483647;
			files = (
			);
			runOnlyForDeploymentPostprocessing = 0;
		};
/* End PBXFrameworksBuildPhase section */

/* Begin PBXGroup section */
		3F255C9F2B9B50D20098D7F0 = {
			isa = PBXGroup;
			children = (
				3F255CAA2B9B50D20098D7F0 /* test_Project_Colors */,
				3F255CA92B9B50D20098D7F0 /* Products */,
			);
			sourceTree = "<group>";
		};
		3F255CA92B9B50D20098D7F0 /* Products */ = {
			isa = PBXGroup;
			children = (
				3F255CA82B9B50D20098D7F0 /* test_Project_Colors.app */,
				3F255CBE2B9B50D80098D7F0 /* test_Project_ColorsTests.xctest */,
				3F255CC82B9B50D80098D7F0 /* test_Project_ColorsUITests.xctest */,
			);
			name = Products;
			sourceTree = "<group>";
		};
		3F255CAA2B9B50D20098D7F0 /* test_Project_Colors */ = {
			isa = PBXGroup;
			children = (
				3F255CAB2B9B50D20098D7F0 /* AppDelegate.swift */,
				3F255CAD2B9B50D20098D7F0 /* SceneDelegate.swift */,
				3F255CB12B9B50D20098D7F0 /* Main.storyboard */,
				3F255CB42B9B50D80098D7F0 /* Assets.xcassets */,
				3F255CB62B9B50D80098D7F0 /* LaunchScreen.storyboard */,
				3F255CB92B9B50D80098D7F0 /* Info.plist */,
				3F255CDB2B9B56410098D7F0 /* ColorsScreenVC.swift */,
				3F255CDD2B9B579A0098D7F0 /* DetailsForColorsVC.swift */,
			);
			path = test_Project_Colors;
			sourceTree = "<group>";
		};
/* End PBXGroup section */

/* Begin PBXNativeTarget section */
		3F255CA72B9B50D20098D7F0 /* test_Project_Colors */ = {
			isa = PBXNativeTarget;
			buildConfigurationList = 3F255CD22B9B50D90098D7F0 /* Build configuration list for PBXNativeTarget "test_Project_Colors" */;
			buildPhases = (
				3F255CA42B9B50D20098D7F0 /* Sources */,
				3F255CA52B9B50D20098D7F0 /* Frameworks */,
				3F255CA62B9B50D20098D7F0 /* Resources */,
			);
			buildRules = (
			);
			dependencies = (
			);
			name = test_Project_Colors;
			productName = test_Project_Colors;
			productReference = 3F255CA82B9B50D20098D7F0 /* test_Project_Colors.app */;
			productType = "com.apple.product-type.application";
		};
		3F255CBD2B9B50D80098D7F0 /* test_Project_ColorsTests */ = {
			isa = PBXNativeTarget;
			buildConfigurationList = 3F255CD52B9B50D90098D7F0 /* Build configuration list for PBXNativeTarget "test_Project_ColorsTests" */;
			buildPhases = (
				3F255CBA2B9B50D80098D7F0 /* Sources */,
				3F255CBB2B9B50D80098D7F0 /* Frameworks */,
				3F255CBC2B9B50D80098D7F0 /* Resources */,
			);
			buildRules = (
			);
			dependencies = (
				3F255CC02B9B50D80098D7F0 /* PBXTargetDependency */,
			);
			name = test_Project_ColorsTests;
			productName = test_Project_ColorsTests;
			productReference = 3F255CBE2B9B50D80098D7F0 /* test_Project_ColorsTests.xctest */;
			productType = "com.apple.product-type.bundle.unit-test";
		};
		3F255CC72B9B50D80098D7F0 /* test_Project_ColorsUITests */ = {
			isa = PBXNativeTarget;
			buildConfigurationList = 3F255CD82B9B50D90098D7F0 /* Build configuration list for PBXNativeTarget "test_Project_ColorsUITests" */;
			buildPhases = (
				3F255CC42B9B50D80098D7F0 /* Sources */,
				3F255CC52B9B50D80098D7F0 /* Frameworks */,
				3F255CC62B9B50D80098D7F0 /* Resources */,
			);
			buildRules = (
			);
			dependencies = (
				3F255CCA2B9B50D80098D7F0 /* PBXTargetDependency */,
			);
			name = test_Project_ColorsUITests;
			productName = test_Project_ColorsUITests;
			productReference = 3F255CC82B9B50D80098D7F0 /* test_Project_ColorsUITests.xctest */;
			productType = "com.apple.product-type.bundle.ui-testing";
		};
/* End PBXNativeTarget section */

/* Begin PBXProject section */
		3F255CA02B9B50D20098D7F0 /* Project object */ = {
			isa = PBXProject;
			attributes = {
				BuildIndependentTargetsInParallel = 1;
				LastSwiftUpdateCheck = 1530;
				LastUpgradeCheck = 1530;
				TargetAttributes = {
					3F255CA72B9B50D20098D7F0 = {
						CreatedOnToolsVersion = 15.3;
					};
					3F255CBD2B9B50D80098D7F0 = {
						CreatedOnToolsVersion = 15.3;
						TestTargetID = 3F255CA72B9B50D20098D7F0;
					};
					3F255CC72B9B50D80098D7F0 = {
						CreatedOnToolsVersion = 15.3;
						TestTargetID = 3F255CA72B9B50D20098D7F0;
					};
				};
			};
			buildConfigurationList = 3F255CA32B9B50D20098D7F0 /* Build configuration list for PBXProject "test_Project_Colors" */;
			compatibilityVersion = "Xcode 14.0";
			developmentRegion = en;
			hasScannedForEncodings = 0;
			knownRegions = (
				en,
				Base,
			);
			mainGroup = 3F255C9F2B9B50D20098D7F0;
			productRefGroup = 3F255CA92B9B50D20098D7F0 /* Products */;
			projectDirPath = "";
			projectRoot = "";
			targets = (
				3F255CA72B9B50D20098D7F0 /* test_Project_Colors */,
				3F255CBD2B9B50D80098D7F0 /* test_Project_ColorsTests */,
				3F255CC72B9B50D80098D7F0 /* test_Project_ColorsUITests */,
			);
		};
/* End PBXProject section */

/* Begin PBXResourcesBuildPhase section */
		3F255CA62B9B50D20098D7F0 /* Resources */ = {
			isa = PBXResourcesBuildPhase;
			buildActionMask = 2147483647;
			files = (
				3F255CB52B9B50D80098D7F0 /* Assets.xcassets in Resources */,
				3F255CB82B9B50D80098D7F0 /* Base in Resources */,
				3F255CB32B9B50D20098D7F0 /* Base in Resources */,
			);
			runOnlyForDeploymentPostprocessing = 0;
		};
		3F255CBC2B9B50D80098D7F0 /* Resources */ = {
			isa = PBXResourcesBuildPhase;
			buildActionMask = 2147483647;
			files = (
			);
			runOnlyForDeploymentPostprocessing = 0;
		};
		3F255CC62B9B50D80098D7F0 /* Resources */ = {
			isa = PBXResourcesBuildPhase;
			buildActionMask = 2147483647;
			files = (
			);
			runOnlyForDeploymentPostprocessing = 0;
		};
/* End PBXResourcesBuildPhase section */

/* Begin PBXSourcesBuildPhase section */
		3F255CA42B9B50D20098D7F0 /* Sources */ = {
			isa = PBXSourcesBuildPhase;
			buildActionMask = 2147483647;
			files = (
				3F255CAC2B9B50D20098D7F0 /* AppDelegate.swift in Sources */,
				3F255CAE2B9B50D20098D7F0 /* SceneDelegate.swift in Sources */,
				3F255CDC2B9B56420098D7F0 /* ColorsScreenVC.swift in Sources */,
				3F255CDE2B9B579A0098D7F0 /* DetailsForColorsVC.swift in Sources */,
			);
			runOnlyForDeploymentPostprocessing = 0;
		};
		3F255CBA2B9B50D80098D7F0 /* Sources */ = {
			isa = PBXSourcesBuildPhase;
			buildActionMask = 2147483647;
			files = (
			);
			runOnlyForDeploymentPostprocessing = 0;
		};
		3F255CC42B9B50D80098D7F0 /* Sources */ = {
			isa = PBXSourcesBuildPhase;
			buildActionMask = 2147483647;
			files = (
			);
			runOnlyForDeploymentPostprocessing = 0;
		};
/* End PBXSourcesBuildPhase section */

/* Begin PBXTargetDependency section */
		3F255CC02B9B50D80098D7F0 /* PBXTargetDependency */ = {
			isa = PBXTargetDependency;
			target = 3F255CA72B9B50D20098D7F0 /* test_Project_Colors */;
			targetProxy = 3F255CBF2B9B50D80098D7F0 /* PBXContainerItemProxy */;
		};
		3F255CCA2B9B50D80098D7F0 /* PBXTargetDependency */ = {
			isa = PBXTargetDependency;
			target = 3F255CA72B9B50D20098D7F0 /* test_Project_Colors */;
			targetProxy = 3F255CC92B9B50D80098D7F0 /* PBXContainerItemProxy */;
		};
/* End PBXTargetDependency section */

/* Begin PBXVariantGroup section */
		3F255CB12B9B50D20098D7F0 /* Main.storyboard */ = {
			isa = PBXVariantGroup;
			children = (
				3F255CB22B9B50D20098D7F0 /* Base */,
			);
			name = Main.storyboard;
			sourceTree = "<group>";
		};
		3F255CB62B9B50D80098D7F0 /* LaunchScreen.storyboard */ = {
			isa = PBXVariantGroup;
			children = (
				3F255CB72B9B50D80098D7F0 /* Base */,
			);
			name = LaunchScreen.storyboard;
			sourceTree = "<group>";
		};
/* End PBXVariantGroup section */

/* Begin XCBuildConfiguration section */
		3F255CD02B9B50D90098D7F0 /* Debug */ = {
			isa = XCBuildConfiguration;
			buildSettings = {
				ALWAYS_SEARCH_USER_PATHS = NO;
				ASSETCATALOG_COMPILER_GENERATE_SWIFT_ASSET_SYMBOL_EXTENSIONS = YES;
				CLANG_ANALYZER_NONNULL = YES;
				CLANG_ANALYZER_NUMBER_OBJECT_CONVERSION = YES_AGGRESSIVE;
				CLANG_CXX_LANGUAGE_STANDARD = "gnu++20";
				CLANG_ENABLE_MODULES = YES;
				CLANG_ENABLE_OBJC_ARC = YES;
				CLANG_ENABLE_OBJC_WEAK = YES;
				CLANG_WARN_BLOCK_CAPTURE_AUTORELEASING = YES;
				CLANG_WARN_BOOL_CONVERSION = YES;
				CLANG_WARN_COMMA = YES;
				CLANG_WARN_CONSTANT_CONVERSION = YES;
				CLANG_WARN_DEPRECATED_OBJC_IMPLEMENTATIONS = YES;
				CLANG_WARN_DIRECT_OBJC_ISA_USAGE = YES_ERROR;
				CLANG_WARN_DOCUMENTATION_COMMENTS = YES;
				CLANG_WARN_EMPTY_BODY = YES;
				CLANG_WARN_ENUM_CONVERSION = YES;
				CLANG_WARN_INFINITE_RECURSION = YES;
				CLANG_WARN_INT_CONVERSION = YES;
				CLANG_WARN_NON_LITERAL_NULL_CONVERSION = YES;
				CLANG_WARN_OBJC_IMPLICIT_RETAIN_SELF = YES;
				CLANG_WARN_OBJC_LITERAL_CONVERSION = YES;
				CLANG_WARN_OBJC_ROOT_CLASS = YES_ERROR;
				CLANG_WARN_QUOTED_INCLUDE_IN_FRAMEWORK_HEADER = YES;
				CLANG_WARN_RANGE_LOOP_ANALYSIS = YES;
				CLANG_WARN_STRICT_PROTOTYPES = YES;
				CLANG_WARN_SUSPICIOUS_MOVE = YES;
				CLANG_WARN_UNGUARDED_AVAILABILITY = YES_AGGRESSIVE;
				CLANG_WARN_UNREACHABLE_CODE = YES;
				CLANG_WARN__DUPLICATE_METHOD_MATCH = YES;
				COPY_PHASE_STRIP = NO;
				DEBUG_INFORMATION_FORMAT = dwarf;
				ENABLE_STRICT_OBJC_MSGSEND = YES;
				ENABLE_TESTABILITY = YES;
				ENABLE_USER_SCRIPT_SANDBOXING = YES;
				GCC_C_LANGUAGE_STANDARD = gnu17;
				GCC_DYNAMIC_NO_PIC = NO;
				GCC_NO_COMMON_BLOCKS = YES;
				GCC_OPTIMIZATION_LEVEL = 0;
				GCC_PREPROCESSOR_DEFINITIONS = (
					"DEBUG=1",
					"$(inherited)",
				);
				GCC_WARN_64_TO_32_BIT_CONVERSION = YES;
				GCC_WARN_ABOUT_RETURN_TYPE = YES_ERROR;
				GCC_WARN_UNDECLARED_SELECTOR = YES;
				GCC_WARN_UNINITIALIZED_AUTOS = YES_AGGRESSIVE;
				GCC_WARN_UNUSED_FUNCTION = YES;
				GCC_WARN_UNUSED_VARIABLE = YES;
				IPHONEOS_DEPLOYMENT_TARGET = 17.4;
				LOCALIZATION_PREFERS_STRING_CATALOGS = YES;
				MTL_ENABLE_DEBUG_INFO = INCLUDE_SOURCE;
				MTL_FAST_MATH = YES;
				ONLY_ACTIVE_ARCH = YES;
				SDKROOT = iphoneos;
				SWIFT_ACTIVE_COMPILATION_CONDITIONS = "DEBUG $(inherited)";
				SWIFT_OPTIMIZATION_LEVEL = "-Onone";
			};
			name = Debug;
		};
		3F255CD12B9B50D90098D7F0 /* Release */ = {
			isa = XCBuildConfiguration;
			buildSettings = {
				ALWAYS_SEARCH_USER_PATHS = NO;
				ASSETCATALOG_COMPILER_GENERATE_SWIFT_ASSET_SYMBOL_EXTENSIONS = YES;
				CLANG_ANALYZER_NONNULL = YES;
				CLANG_ANALYZER_NUMBER_OBJECT_CONVERSION = YES_AGGRESSIVE;
				CLANG_CXX_LANGUAGE_STANDARD = "gnu++20";
				CLANG_ENABLE_MODULES = YES;
				CLANG_ENABLE_OBJC_ARC = YES;
				CLANG_ENABLE_OBJC_WEAK = YES;
				CLANG_WARN_BLOCK_CAPTURE_AUTORELEASING = YES;
				CLANG_WARN_BOOL_CONVERSION = YES;
				CLANG_WARN_COMMA = YES;
				CLANG_WARN_CONSTANT_CONVERSION = YES;
				CLANG_WARN_DEPRECATED_OBJC_IMPLEMENTATIONS = YES;
				CLANG_WARN_DIRECT_OBJC_ISA_USAGE = YES_ERROR;
				CLANG_WARN_DOCUMENTATION_COMMENTS = YES;
				CLANG_WARN_EMPTY_BODY = YES;
				CLANG_WARN_ENUM_CONVERSION = YES;
				CLANG_WARN_INFINITE_RECURSION = YES;
				CLANG_WARN_INT_CONVERSION = YES;
				CLANG_WARN_NON_LITERAL_NULL_CONVERSION = YES;
				CLANG_WARN_OBJC_IMPLICIT_RETAIN_SELF = YES;
				CLANG_WARN_OBJC_LITERAL_CONVERSION = YES;
				CLANG_WARN_OBJC_ROOT_CLASS = YES_ERROR;
				CLANG_WARN_QUOTED_INCLUDE_IN_FRAMEWORK_HEADER = YES;
				CLANG_WARN_RANGE_LOOP_ANALYSIS = YES;
				CLANG_WARN_STRICT_PROTOTYPES = YES;
				CLANG_WARN_SUSPICIOUS_MOVE = YES;
				CLANG_WARN_UNGUARDED_AVAILABILITY = YES_AGGRESSIVE;
				CLANG_WARN_UNREACHABLE_CODE = YES;
				CLANG_WARN__DUPLICATE_METHOD_MATCH = YES;
				COPY_PHASE_STRIP = NO;
				DEBUG_INFORMATION_FORMAT = "dwarf-with-dsym";
				ENABLE_NS_ASSERTIONS = NO;
				ENABLE_STRICT_OBJC_MSGSEND = YES;
				ENABLE_USER_SCRIPT_SANDBOXING = YES;
				GCC_C_LANGUAGE_STANDARD = gnu17;
				GCC_NO_COMMON_BLOCKS = YES;
				GCC_WARN_64_TO_32_BIT_CONVERSION = YES;
				GCC_WARN_ABOUT_RETURN_TYPE = YES_ERROR;
				GCC_WARN_UNDECLARED_SELECTOR = YES;
				GCC_WARN_UNINITIALIZED_AUTOS = YES_AGGRESSIVE;
				GCC_WARN_UNUSED_FUNCTION = YES;
				GCC_WARN_UNUSED_VARIABLE = YES;
				IPHONEOS_DEPLOYMENT_TARGET = 17.4;
				LOCALIZATION_PREFERS_STRING_CATALOGS = YES;
				MTL_ENABLE_DEBUG_INFO = NO;
				MTL_FAST_MATH = YES;
				SDKROOT = iphoneos;
				SWIFT_COMPILATION_MODE = wholemodule;
				VALIDATE_PRODUCT = YES;
			};
			name = Release;
		};
		3F255CD32B9B50D90098D7F0 /* Debug */ = {
			isa = XCBuildConfiguration;
			buildSettings = {
				ASSETCATALOG_COMPILER_APPICON_NAME = AppIcon;
				ASSETCATALOG_COMPILER_GLOBAL_ACCENT_COLOR_NAME = AccentColor;
				CODE_SIGN_STYLE = Automatic;
				CURRENT_PROJECT_VERSION = 1;
				GENERATE_INFOPLIST_FILE = YES;
				INFOPLIST_FILE = test_Project_Colors/Info.plist;
				INFOPLIST_KEY_UIApplicationSupportsIndirectInputEvents = YES;
				INFOPLIST_KEY_UILaunchStoryboardName = LaunchScreen;
				INFOPLIST_KEY_UIMainStoryboardFile = Main;
				INFOPLIST_KEY_UISupportedInterfaceOrientations_iPad = "UIInterfaceOrientationPortrait UIInterfaceOrientationPortraitUpsideDown UIInterfaceOrientationLandscapeLeft UIInterfaceOrientationLandscapeRight";
				INFOPLIST_KEY_UISupportedInterfaceOrientations_iPhone = "UIInterfaceOrientationPortrait UIInterfaceOrientationLandscapeLeft UIInterfaceOrientationLandscapeRight";
				IPHONEOS_DEPLOYMENT_TARGET = 15.0;
				LD_RUNPATH_SEARCH_PATHS = (
					"$(inherited)",
					"@executable_path/Frameworks",
				);
				MARKETING_VERSION = 1.0;
				PRODUCT_BUNDLE_IDENTIFIER = "anyone.test-Project-Colors";
				PRODUCT_NAME = "$(TARGET_NAME)";
				SWIFT_EMIT_LOC_STRINGS = YES;
				SWIFT_VERSION = 5.0;
				TARGETED_DEVICE_FAMILY = "1,2";
			};
			name = Debug;
		};
		3F255CD42B9B50D90098D7F0 /* Release */ = {
			isa = XCBuildConfiguration;
			buildSettings = {
				ASSETCATALOG_COMPILER_APPICON_NAME = AppIcon;
				ASSETCATALOG_COMPILER_GLOBAL_ACCENT_COLOR_NAME = AccentColor;
				CODE_SIGN_STYLE = Automatic;
				CURRENT_PROJECT_VERSION = 1;
				GENERATE_INFOPLIST_FILE = YES;
				INFOPLIST_FILE = test_Project_Colors/Info.plist;
				INFOPLIST_KEY_UIApplicationSupportsIndirectInputEvents = YES;
				INFOPLIST_KEY_UILaunchStoryboardName = LaunchScreen;
				INFOPLIST_KEY_UIMainStoryboardFile = Main;
				INFOPLIST_KEY_UISupportedInterfaceOrientations_iPad = "UIInterfaceOrientationPortrait UIInterfaceOrientationPortraitUpsideDown UIInterfaceOrientationLandscapeLeft UIInterfaceOrientationLandscapeRight";
				INFOPLIST_KEY_UISupportedInterfaceOrientations_iPhone = "UIInterfaceOrientationPortrait UIInterfaceOrientationLandscapeLeft UIInterfaceOrientationLandscapeRight";
				IPHONEOS_DEPLOYMENT_TARGET = 15.0;
				LD_RUNPATH_SEARCH_PATHS = (
					"$(inherited)",
					"@executable_path/Frameworks",
				);
				MARKETING_VERSION = 1.0;
				PRODUCT_BUNDLE_IDENTIFIER = "anyone.test-Project-Colors";
				PRODUCT_NAME = "$(TARGET_NAME)";
				SWIFT_EMIT_LOC_STRINGS = YES;
				SWIFT_VERSION = 5.0;
				TARGETED_DEVICE_FAMILY = "1,2";
			};
			name = Release;
		};
		3F255CD62B9B50D90098D7F0 /* Debug */ = {
			isa = XCBuildConfiguration;
			buildSettings = {
				ALWAYS_EMBED_SWIFT_STANDARD_LIBRARIES = YES;
				BUNDLE_LOADER = "$(TEST_HOST)";
				CODE_SIGN_STYLE = Automatic;
				CURRENT_PROJECT_VERSION = 1;
				GENERATE_INFOPLIST_FILE = YES;
				IPHONEOS_DEPLOYMENT_TARGET = 17.4;
				MARKETING_VERSION = 1.0;
				PRODUCT_BUNDLE_IDENTIFIER = "anyone.test-Project-ColorsTests";
				PRODUCT_NAME = "$(TARGET_NAME)";
				SWIFT_EMIT_LOC_STRINGS = NO;
				SWIFT_VERSION = 5.0;
				TARGETED_DEVICE_FAMILY = "1,2";
				TEST_HOST = "$(BUILT_PRODUCTS_DIR)/test_Project_Colors.app/$(BUNDLE_EXECUTABLE_FOLDER_PATH)/test_Project_Colors";
			};
			name = Debug;
		};
		3F255CD72B9B50D90098D7F0 /* Release */ = {
			isa = XCBuildConfiguration;
			buildSettings = {
				ALWAYS_EMBED_SWIFT_STANDARD_LIBRARIES = YES;
				BUNDLE_LOADER = "$(TEST_HOST)";
				CODE_SIGN_STYLE = Automatic;
				CURRENT_PROJECT_VERSION = 1;
				GENERATE_INFOPLIST_FILE = YES;
				IPHONEOS_DEPLOYMENT_TARGET = 17.4;
				MARKETING_VERSION = 1.0;
				PRODUCT_BUNDLE_IDENTIFIER = "anyone.test-Project-ColorsTests";
				PRODUCT_NAME = "$(TARGET_NAME)";
				SWIFT_EMIT_LOC_STRINGS = NO;
				SWIFT_VERSION = 5.0;
				TARGETED_DEVICE_FAMILY = "1,2";
				TEST_HOST = "$(BUILT_PRODUCTS_DIR)/test_Project_Colors.app/$(BUNDLE_EXECUTABLE_FOLDER_PATH)/test_Project_Colors";
			};
			name = Release;
		};
		3F255CD92B9B50D90098D7F0 /* Debug */ = {
			isa = XCBuildConfiguration;
			buildSettings = {
				ALWAYS_EMBED_SWIFT_STANDARD_LIBRARIES = YES;
				CODE_SIGN_STYLE = Automatic;
				CURRENT_PROJECT_VERSION = 1;
				GENERATE_INFOPLIST_FILE = YES;
				MARKETING_VERSION = 1.0;
				PRODUCT_BUNDLE_IDENTIFIER = "anyone.test-Project-ColorsUITests";
				PRODUCT_NAME = "$(TARGET_NAME)";
				SWIFT_EMIT_LOC_STRINGS = NO;
				SWIFT_VERSION = 5.0;
				TARGETED_DEVICE_FAMILY = "1,2";
				TEST_TARGET_NAME = test_Project_Colors;
			};
			name = Debug;
		};
		3F255CDA2B9B50D90098D7F0 /* Release */ = {
			isa = XCBuildConfiguration;
			buildSettings = {
				ALWAYS_EMBED_SWIFT_STANDARD_LIBRARIES = YES;
				CODE_SIGN_STYLE = Automatic;
				CURRENT_PROJECT_VERSION = 1;
				GENERATE_INFOPLIST_FILE = YES;
				MARKETING_VERSION = 1.0;
				PRODUCT_BUNDLE_IDENTIFIER = "anyone.test-Project-ColorsUITests";
				PRODUCT_NAME = "$(TARGET_NAME)";
				SWIFT_EMIT_LOC_STRINGS = NO;
				SWIFT_VERSION = 5.0;
				TARGETED_DEVICE_FAMILY = "1,2";
				TEST_TARGET_NAME = test_Project_Colors;
			};
			name = Release;
		};
/* End XCBuildConfiguration section */

/* Begin XCConfigurationList section */
		3F255CA32B9B50D20098D7F0 /* Build configuration list for PBXProject "test_Project_Colors" */ = {
			isa = XCConfigurationList;
			buildConfigurations = (
				3F255CD02B9B50D90098D7F0 /* Debug */,
				3F255CD12B9B50D90098D7F0 /* Release */,
			);
			defaultConfigurationIsVisible = 0;
			defaultConfigurationName = Release;
		};
		3F255CD22B9B50D90098D7F0 /* Build configuration list for PBXNativeTarget "test_Project_Colors" */ = {
			isa = XCConfigurationList;
			buildConfigurations = (
				3F255CD32B9B50D90098D7F0 /* Debug */,
				3F255CD42B9B50D90098D7F0 /* Release */,
			);
			defaultConfigurationIsVisible = 0;
			defaultConfigurationName = Release;
		};
		3F255CD52B9B50D90098D7F0 /* Build configuration list for PBXNativeTarget "test_Project_ColorsTests" */ = {
			isa = XCConfigurationList;
			buildConfigurations = (
				3F255CD62B9B50D90098D7F0 /* Debug */,
				3F255CD72B9B50D90098D7F0 /* Release */,
			);
			defaultConfigurationIsVisible = 0;
			defaultConfigurationName = Release;
		};
		3F255CD82B9B50D90098D7F0 /* Build configuration list for PBXNativeTarget "test_Project_ColorsUITests" */ = {
			isa = XCConfigurationList;
			buildConfigurations = (
				3F255CD92B9B50D90098D7F0 /* Debug */,
				3F255CDA2B9B50D90098D7F0 /* Release */,
			);
			defaultConfigurationIsVisible = 0;
			defaultConfigurationName = Release;
		};
/* End XCConfigurationList section */
	};
	rootObject = 3F255CA02B9B50D20098D7F0 /* Project object */;
}
