// !$*UTF8*$!
{
	archiveVersion = 1;
	classes = {
	};
	objectVersion = 56;
	objects = {

/* Begin PBXBuildFile section */
		3F24143C2BA0902800AC50CB /* AppDelegate.swift in Sources */ = {isa = PBXBuildFile; fileRef = 3F24143B2BA0902800AC50CB /* AppDelegate.swift */; };
		3F24143E2BA0902800AC50CB /* SceneDelegate.swift in Sources */ = {isa = PBXBuildFile; fileRef = 3F24143D2BA0902800AC50CB /* SceneDelegate.swift */; };
		3F2414432BA0902800AC50CB /* Base in Resources */ = {isa = PBXBuildFile; fileRef = 3F2414422BA0902800AC50CB /* Base */; };
		3F2414452BA0902C00AC50CB /* Assets.xcassets in Resources */ = {isa = PBXBuildFile; fileRef = 3F2414442BA0902C00AC50CB /* Assets.xcassets */; };
		3F2414482BA0902C00AC50CB /* Base in Resources */ = {isa = PBXBuildFile; fileRef = 3F2414472BA0902C00AC50CB /* Base */; };
		3F24146C2BA090D000AC50CB /* CardSelectionVC.swift in Sources */ = {isa = PBXBuildFile; fileRef = 3F24146B2BA090D000AC50CB /* CardSelectionVC.swift */; };
/* End PBXBuildFile section */

/* Begin PBXContainerItemProxy section */
		3F24144F2BA0902D00AC50CB /* PBXContainerItemProxy */ = {
			isa = PBXContainerItemProxy;
			containerPortal = 3F2414302BA0902800AC50CB /* Project object */;
			proxyType = 1;
			remoteGlobalIDString = 3F2414372BA0902800AC50CB;
			remoteInfo = GameCards_Project;
		};
		3F2414592BA0902D00AC50CB /* PBXContainerItemProxy */ = {
			isa = PBXContainerItemProxy;
			containerPortal = 3F2414302BA0902800AC50CB /* Project object */;
			proxyType = 1;
			remoteGlobalIDString = 3F2414372BA0902800AC50CB;
			remoteInfo = GameCards_Project;
		};
/* End PBXContainerItemProxy section */

/* Begin PBXFileReference section */
		3F2414382BA0902800AC50CB /* GameCards_Project.app */ = {isa = PBXFileReference; explicitFileType = wrapper.application; includeInIndex = 0; path = GameCards_Project.app; sourceTree = BUILT_PRODUCTS_DIR; };
		3F24143B2BA0902800AC50CB /* AppDelegate.swift */ = {isa = PBXFileReference; lastKnownFileType = sourcecode.swift; path = AppDelegate.swift; sourceTree = "<group>"; };
		3F24143D2BA0902800AC50CB /* SceneDelegate.swift */ = {isa = PBXFileReference; lastKnownFileType = sourcecode.swift; path = SceneDelegate.swift; sourceTree = "<group>"; };
		3F2414422BA0902800AC50CB /* Base */ = {isa = PBXFileReference; lastKnownFileType = file.storyboard; name = Base; path = Base.lproj/Main.storyboard; sourceTree = "<group>"; };
		3F2414442BA0902C00AC50CB /* Assets.xcassets */ = {isa = PBXFileReference; lastKnownFileType = folder.assetcatalog; path = Assets.xcassets; sourceTree = "<group>"; };
		3F2414472BA0902C00AC50CB /* Base */ = {isa = PBXFileReference; lastKnownFileType = file.storyboard; name = Base; path = Base.lproj/LaunchScreen.storyboard; sourceTree = "<group>"; };
		3F2414492BA0902C00AC50CB /* Info.plist */ = {isa = PBXFileReference; lastKnownFileType = text.plist.xml; path = Info.plist; sourceTree = "<group>"; };
		3F24144E2BA0902D00AC50CB /* GameCards_ProjectTests.xctest */ = {isa = PBXFileReference; explicitFileType = wrapper.cfbundle; includeInIndex = 0; path = GameCards_ProjectTests.xctest; sourceTree = BUILT_PRODUCTS_DIR; };
		3F2414582BA0902D00AC50CB /* GameCards_ProjectUITests.xctest */ = {isa = PBXFileReference; explicitFileType = wrapper.cfbundle; includeInIndex = 0; path = GameCards_ProjectUITests.xctest; sourceTree = BUILT_PRODUCTS_DIR; };
		3F24146B2BA090D000AC50CB /* CardSelectionVC.swift */ = {isa = PBXFileReference; lastKnownFileType = sourcecode.swift; path = CardSelectionVC.swift; sourceTree = "<group>"; };
/* End PBXFileReference section */

/* Begin PBXFrameworksBuildPhase section */
		3F2414352BA0902800AC50CB /* Frameworks */ = {
			isa = PBXFrameworksBuildPhase;
			buildActionMask = 2147483647;
			files = (
			);
			runOnlyForDeploymentPostprocessing = 0;
		};
		3F24144B2BA0902D00AC50CB /* Frameworks */ = {
			isa = PBXFrameworksBuildPhase;
			buildActionMask = 2147483647;
			files = (
			);
			runOnlyForDeploymentPostprocessing = 0;
		};
		3F2414552BA0902D00AC50CB /* Frameworks */ = {
			isa = PBXFrameworksBuildPhase;
			buildActionMask = 2147483647;
			files = (
			);
			runOnlyForDeploymentPostprocessing = 0;
		};
/* End PBXFrameworksBuildPhase section */

/* Begin PBXGroup section */
		3F24142F2BA0902800AC50CB = {
			isa = PBXGroup;
			children = (
				3F24143A2BA0902800AC50CB /* GameCards_Project */,
				3F2414392BA0902800AC50CB /* Products */,
			);
			sourceTree = "<group>";
		};
		3F2414392BA0902800AC50CB /* Products */ = {
			isa = PBXGroup;
			children = (
				3F2414382BA0902800AC50CB /* GameCards_Project.app */,
				3F24144E2BA0902D00AC50CB /* GameCards_ProjectTests.xctest */,
				3F2414582BA0902D00AC50CB /* GameCards_ProjectUITests.xctest */,
			);
			name = Products;
			sourceTree = "<group>";
		};
		3F24143A2BA0902800AC50CB /* GameCards_Project */ = {
			isa = PBXGroup;
			children = (
				3F24143B2BA0902800AC50CB /* AppDelegate.swift */,
				3F24143D2BA0902800AC50CB /* SceneDelegate.swift */,
				3F2414412BA0902800AC50CB /* Main.storyboard */,
				3F24146B2BA090D000AC50CB /* CardSelectionVC.swift */,
				3F2414442BA0902C00AC50CB /* Assets.xcassets */,
				3F2414462BA0902C00AC50CB /* LaunchScreen.storyboard */,
				3F2414492BA0902C00AC50CB /* Info.plist */,
			);
			path = GameCards_Project;
			sourceTree = "<group>";
		};
/* End PBXGroup section */

/* Begin PBXNativeTarget section */
		3F2414372BA0902800AC50CB /* GameCards_Project */ = {
			isa = PBXNativeTarget;
			buildConfigurationList = 3F2414622BA0902D00AC50CB /* Build configuration list for PBXNativeTarget "GameCards_Project" */;
			buildPhases = (
				3F2414342BA0902800AC50CB /* Sources */,
				3F2414352BA0902800AC50CB /* Frameworks */,
				3F2414362BA0902800AC50CB /* Resources */,
			);
			buildRules = (
			);
			dependencies = (
			);
			name = GameCards_Project;
			productName = GameCards_Project;
			productReference = 3F2414382BA0902800AC50CB /* GameCards_Project.app */;
			productType = "com.apple.product-type.application";
		};
		3F24144D2BA0902D00AC50CB /* GameCards_ProjectTests */ = {
			isa = PBXNativeTarget;
			buildConfigurationList = 3F2414652BA0902D00AC50CB /* Build configuration list for PBXNativeTarget "GameCards_ProjectTests" */;
			buildPhases = (
				3F24144A2BA0902D00AC50CB /* Sources */,
				3F24144B2BA0902D00AC50CB /* Frameworks */,
				3F24144C2BA0902D00AC50CB /* Resources */,
			);
			buildRules = (
			);
			dependencies = (
				3F2414502BA0902D00AC50CB /* PBXTargetDependency */,
			);
			name = GameCards_ProjectTests;
			productName = GameCards_ProjectTests;
			productReference = 3F24144E2BA0902D00AC50CB /* GameCards_ProjectTests.xctest */;
			productType = "com.apple.product-type.bundle.unit-test";
		};
		3F2414572BA0902D00AC50CB /* GameCards_ProjectUITests */ = {
			isa = PBXNativeTarget;
			buildConfigurationList = 3F2414682BA0902D00AC50CB /* Build configuration list for PBXNativeTarget "GameCards_ProjectUITests" */;
			buildPhases = (
				3F2414542BA0902D00AC50CB /* Sources */,
				3F2414552BA0902D00AC50CB /* Frameworks */,
				3F2414562BA0902D00AC50CB /* Resources */,
			);
			buildRules = (
			);
			dependencies = (
				3F24145A2BA0902D00AC50CB /* PBXTargetDependency */,
			);
			name = GameCards_ProjectUITests;
			productName = GameCards_ProjectUITests;
			productReference = 3F2414582BA0902D00AC50CB /* GameCards_ProjectUITests.xctest */;
			productType = "com.apple.product-type.bundle.ui-testing";
		};
/* End PBXNativeTarget section */

/* Begin PBXProject section */
		3F2414302BA0902800AC50CB /* Project object */ = {
			isa = PBXProject;
			attributes = {
				BuildIndependentTargetsInParallel = 1;
				LastSwiftUpdateCheck = 1530;
				LastUpgradeCheck = 1530;
				TargetAttributes = {
					3F2414372BA0902800AC50CB = {
						CreatedOnToolsVersion = 15.3;
					};
					3F24144D2BA0902D00AC50CB = {
						CreatedOnToolsVersion = 15.3;
						TestTargetID = 3F2414372BA0902800AC50CB;
					};
					3F2414572BA0902D00AC50CB = {
						CreatedOnToolsVersion = 15.3;
						TestTargetID = 3F2414372BA0902800AC50CB;
					};
				};
			};
			buildConfigurationList = 3F2414332BA0902800AC50CB /* Build configuration list for PBXProject "GameCards_Project" */;
			compatibilityVersion = "Xcode 14.0";
			developmentRegion = en;
			hasScannedForEncodings = 0;
			knownRegions = (
				en,
				Base,
			);
			mainGroup = 3F24142F2BA0902800AC50CB;
			productRefGroup = 3F2414392BA0902800AC50CB /* Products */;
			projectDirPath = "";
			projectRoot = "";
			targets = (
				3F2414372BA0902800AC50CB /* GameCards_Project */,
				3F24144D2BA0902D00AC50CB /* GameCards_ProjectTests */,
				3F2414572BA0902D00AC50CB /* GameCards_ProjectUITests */,
			);
		};
/* End PBXProject section */

/* Begin PBXResourcesBuildPhase section */
		3F2414362BA0902800AC50CB /* Resources */ = {
			isa = PBXResourcesBuildPhase;
			buildActionMask = 2147483647;
			files = (
				3F2414452BA0902C00AC50CB /* Assets.xcassets in Resources */,
				3F2414482BA0902C00AC50CB /* Base in Resources */,
				3F2414432BA0902800AC50CB /* Base in Resources */,
			);
			runOnlyForDeploymentPostprocessing = 0;
		};
		3F24144C2BA0902D00AC50CB /* Resources */ = {
			isa = PBXResourcesBuildPhase;
			buildActionMask = 2147483647;
			files = (
			);
			runOnlyForDeploymentPostprocessing = 0;
		};
		3F2414562BA0902D00AC50CB /* Resources */ = {
			isa = PBXResourcesBuildPhase;
			buildActionMask = 2147483647;
			files = (
			);
			runOnlyForDeploymentPostprocessing = 0;
		};
/* End PBXResourcesBuildPhase section */

/* Begin PBXSourcesBuildPhase section */
		3F2414342BA0902800AC50CB /* Sources */ = {
			isa = PBXSourcesBuildPhase;
			buildActionMask = 2147483647;
			files = (
				3F24143C2BA0902800AC50CB /* AppDelegate.swift in Sources */,
				3F24143E2BA0902800AC50CB /* SceneDelegate.swift in Sources */,
				3F24146C2BA090D000AC50CB /* CardSelectionVC.swift in Sources */,
			);
			runOnlyForDeploymentPostprocessing = 0;
		};
		3F24144A2BA0902D00AC50CB /* Sources */ = {
			isa = PBXSourcesBuildPhase;
			buildActionMask = 2147483647;
			files = (
			);
			runOnlyForDeploymentPostprocessing = 0;
		};
		3F2414542BA0902D00AC50CB /* Sources */ = {
			isa = PBXSourcesBuildPhase;
			buildActionMask = 2147483647;
			files = (
			);
			runOnlyForDeploymentPostprocessing = 0;
		};
/* End PBXSourcesBuildPhase section */

/* Begin PBXTargetDependency section */
		3F2414502BA0902D00AC50CB /* PBXTargetDependency */ = {
			isa = PBXTargetDependency;
			target = 3F2414372BA0902800AC50CB /* GameCards_Project */;
			targetProxy = 3F24144F2BA0902D00AC50CB /* PBXContainerItemProxy */;
		};
		3F24145A2BA0902D00AC50CB /* PBXTargetDependency */ = {
			isa = PBXTargetDependency;
			target = 3F2414372BA0902800AC50CB /* GameCards_Project */;
			targetProxy = 3F2414592BA0902D00AC50CB /* PBXContainerItemProxy */;
		};
/* End PBXTargetDependency section */

/* Begin PBXVariantGroup section */
		3F2414412BA0902800AC50CB /* Main.storyboard */ = {
			isa = PBXVariantGroup;
			children = (
				3F2414422BA0902800AC50CB /* Base */,
			);
			name = Main.storyboard;
			sourceTree = "<group>";
		};
		3F2414462BA0902C00AC50CB /* LaunchScreen.storyboard */ = {
			isa = PBXVariantGroup;
			children = (
				3F2414472BA0902C00AC50CB /* Base */,
			);
			name = LaunchScreen.storyboard;
			sourceTree = "<group>";
		};
/* End PBXVariantGroup section */

/* Begin XCBuildConfiguration section */
		3F2414602BA0902D00AC50CB /* Debug */ = {
			isa = XCBuildConfiguration;
			buildSettings = {
				ALWAYS_SEARCH_USER_PATHS = NO;
				ASSETCATALOG_COMPILER_GENERATE_SWIFT_ASSET_SYMBOL_EXTENSIONS = YES;
				CLANG_ANALYZER_NONNULL = YES;
				CLANG_ANALYZER_NUMBER_OBJECT_CONVERSION = YES_AGGRESSIVE;
				CLANG_CXX_LANGUAGE_STANDARD = "gnu++20";
				CLANG_ENABLE_MODULES = YES;
				CLANG_ENABLE_OBJC_ARC = YES;
				CLANG_ENABLE_OBJC_WEAK = YES;
				CLANG_WARN_BLOCK_CAPTURE_AUTORELEASING = YES;
				CLANG_WARN_BOOL_CONVERSION = YES;
				CLANG_WARN_COMMA = YES;
				CLANG_WARN_CONSTANT_CONVERSION = YES;
				CLANG_WARN_DEPRECATED_OBJC_IMPLEMENTATIONS = YES;
				CLANG_WARN_DIRECT_OBJC_ISA_USAGE = YES_ERROR;
				CLANG_WARN_DOCUMENTATION_COMMENTS = YES;
				CLANG_WARN_EMPTY_BODY = YES;
				CLANG_WARN_ENUM_CONVERSION = YES;
				CLANG_WARN_INFINITE_RECURSION = YES;
				CLANG_WARN_INT_CONVERSION = YES;
				CLANG_WARN_NON_LITERAL_NULL_CONVERSION = YES;
				CLANG_WARN_OBJC_IMPLICIT_RETAIN_SELF = YES;
				CLANG_WARN_OBJC_LITERAL_CONVERSION = YES;
				CLANG_WARN_OBJC_ROOT_CLASS = YES_ERROR;
				CLANG_WARN_QUOTED_INCLUDE_IN_FRAMEWORK_HEADER = YES;
				CLANG_WARN_RANGE_LOOP_ANALYSIS = YES;
				CLANG_WARN_STRICT_PROTOTYPES = YES;
				CLANG_WARN_SUSPICIOUS_MOVE = YES;
				CLANG_WARN_UNGUARDED_AVAILABILITY = YES_AGGRESSIVE;
				CLANG_WARN_UNREACHABLE_CODE = YES;
				CLANG_WARN__DUPLICATE_METHOD_MATCH = YES;
				COPY_PHASE_STRIP = NO;
				DEBUG_INFORMATION_FORMAT = dwarf;
				ENABLE_STRICT_OBJC_MSGSEND = YES;
				ENABLE_TESTABILITY = YES;
				ENABLE_USER_SCRIPT_SANDBOXING = YES;
				GCC_C_LANGUAGE_STANDARD = gnu17;
				GCC_DYNAMIC_NO_PIC = NO;
				GCC_NO_COMMON_BLOCKS = YES;
				GCC_OPTIMIZATION_LEVEL = 0;
				GCC_PREPROCESSOR_DEFINITIONS = (
					"DEBUG=1",
					"$(inherited)",
				);
				GCC_WARN_64_TO_32_BIT_CONVERSION = YES;
				GCC_WARN_ABOUT_RETURN_TYPE = YES_ERROR;
				GCC_WARN_UNDECLARED_SELECTOR = YES;
				GCC_WARN_UNINITIALIZED_AUTOS = YES_AGGRESSIVE;
				GCC_WARN_UNUSED_FUNCTION = YES;
				GCC_WARN_UNUSED_VARIABLE = YES;
				IPHONEOS_DEPLOYMENT_TARGET = 17.4;
				LOCALIZATION_PREFERS_STRING_CATALOGS = YES;
				MTL_ENABLE_DEBUG_INFO = INCLUDE_SOURCE;
				MTL_FAST_MATH = YES;
				ONLY_ACTIVE_ARCH = YES;
				SDKROOT = iphoneos;
				SWIFT_ACTIVE_COMPILATION_CONDITIONS = "DEBUG $(inherited)";
				SWIFT_OPTIMIZATION_LEVEL = "-Onone";
			};
			name = Debug;
		};
		3F2414612BA0902D00AC50CB /* Release */ = {
			isa = XCBuildConfiguration;
			buildSettings = {
				ALWAYS_SEARCH_USER_PATHS = NO;
				ASSETCATALOG_COMPILER_GENERATE_SWIFT_ASSET_SYMBOL_EXTENSIONS = YES;
				CLANG_ANALYZER_NONNULL = YES;
				CLANG_ANALYZER_NUMBER_OBJECT_CONVERSION = YES_AGGRESSIVE;
				CLANG_CXX_LANGUAGE_STANDARD = "gnu++20";
				CLANG_ENABLE_MODULES = YES;
				CLANG_ENABLE_OBJC_ARC = YES;
				CLANG_ENABLE_OBJC_WEAK = YES;
				CLANG_WARN_BLOCK_CAPTURE_AUTORELEASING = YES;
				CLANG_WARN_BOOL_CONVERSION = YES;
				CLANG_WARN_COMMA = YES;
				CLANG_WARN_CONSTANT_CONVERSION = YES;
				CLANG_WARN_DEPRECATED_OBJC_IMPLEMENTATIONS = YES;
				CLANG_WARN_DIRECT_OBJC_ISA_USAGE = YES_ERROR;
				CLANG_WARN_DOCUMENTATION_COMMENTS = YES;
				CLANG_WARN_EMPTY_BODY = YES;
				CLANG_WARN_ENUM_CONVERSION = YES;
				CLANG_WARN_INFINITE_RECURSION = YES;
				CLANG_WARN_INT_CONVERSION = YES;
				CLANG_WARN_NON_LITERAL_NULL_CONVERSION = YES;
				CLANG_WARN_OBJC_IMPLICIT_RETAIN_SELF = YES;
				CLANG_WARN_OBJC_LITERAL_CONVERSION = YES;
				CLANG_WARN_OBJC_ROOT_CLASS = YES_ERROR;
				CLANG_WARN_QUOTED_INCLUDE_IN_FRAMEWORK_HEADER = YES;
				CLANG_WARN_RANGE_LOOP_ANALYSIS = YES;
				CLANG_WARN_STRICT_PROTOTYPES = YES;
				CLANG_WARN_SUSPICIOUS_MOVE = YES;
				CLANG_WARN_UNGUARDED_AVAILABILITY = YES_AGGRESSIVE;
				CLANG_WARN_UNREACHABLE_CODE = YES;
				CLANG_WARN__DUPLICATE_METHOD_MATCH = YES;
				COPY_PHASE_STRIP = NO;
				DEBUG_INFORMATION_FORMAT = "dwarf-with-dsym";
				ENABLE_NS_ASSERTIONS = NO;
				ENABLE_STRICT_OBJC_MSGSEND = YES;
				ENABLE_USER_SCRIPT_SANDBOXING = YES;
				GCC_C_LANGUAGE_STANDARD = gnu17;
				GCC_NO_COMMON_BLOCKS = YES;
				GCC_WARN_64_TO_32_BIT_CONVERSION = YES;
				GCC_WARN_ABOUT_RETURN_TYPE = YES_ERROR;
				GCC_WARN_UNDECLARED_SELECTOR = YES;
				GCC_WARN_UNINITIALIZED_AUTOS = YES_AGGRESSIVE;
				GCC_WARN_UNUSED_FUNCTION = YES;
				GCC_WARN_UNUSED_VARIABLE = YES;
				IPHONEOS_DEPLOYMENT_TARGET = 17.4;
				LOCALIZATION_PREFERS_STRING_CATALOGS = YES;
				MTL_ENABLE_DEBUG_INFO = NO;
				MTL_FAST_MATH = YES;
				SDKROOT = iphoneos;
				SWIFT_COMPILATION_MODE = wholemodule;
				VALIDATE_PRODUCT = YES;
			};
			name = Release;
		};
		3F2414632BA0902D00AC50CB /* Debug */ = {
			isa = XCBuildConfiguration;
			buildSettings = {
				ASSETCATALOG_COMPILER_APPICON_NAME = AppIcon;
				ASSETCATALOG_COMPILER_GLOBAL_ACCENT_COLOR_NAME = AccentColor;
				CODE_SIGN_STYLE = Automatic;
				CURRENT_PROJECT_VERSION = 1;
				GENERATE_INFOPLIST_FILE = YES;
				INFOPLIST_FILE = GameCards_Project/Info.plist;
				INFOPLIST_KEY_UIApplicationSupportsIndirectInputEvents = YES;
				INFOPLIST_KEY_UILaunchStoryboardName = LaunchScreen;
				INFOPLIST_KEY_UIMainStoryboardFile = Main;
				INFOPLIST_KEY_UISupportedInterfaceOrientations_iPad = "UIInterfaceOrientationPortrait UIInterfaceOrientationPortraitUpsideDown UIInterfaceOrientationLandscapeLeft UIInterfaceOrientationLandscapeRight";
				INFOPLIST_KEY_UISupportedInterfaceOrientations_iPhone = "UIInterfaceOrientationPortrait UIInterfaceOrientationLandscapeLeft UIInterfaceOrientationLandscapeRight";
				LD_RUNPATH_SEARCH_PATHS = (
					"$(inherited)",
					"@executable_path/Frameworks",
				);
				MARKETING_VERSION = 1.0;
				PRODUCT_BUNDLE_IDENTIFIER = "anyone.GameCards-Project";
				PRODUCT_NAME = "$(TARGET_NAME)";
				SWIFT_EMIT_LOC_STRINGS = YES;
				SWIFT_VERSION = 5.0;
				TARGETED_DEVICE_FAMILY = "1,2";
			};
			name = Debug;
		};
		3F2414642BA0902D00AC50CB /* Release */ = {
			isa = XCBuildConfiguration;
			buildSettings = {
				ASSETCATALOG_COMPILER_APPICON_NAME = AppIcon;
				ASSETCATALOG_COMPILER_GLOBAL_ACCENT_COLOR_NAME = AccentColor;
				CODE_SIGN_STYLE = Automatic;
				CURRENT_PROJECT_VERSION = 1;
				GENERATE_INFOPLIST_FILE = YES;
				INFOPLIST_FILE = GameCards_Project/Info.plist;
				INFOPLIST_KEY_UIApplicationSupportsIndirectInputEvents = YES;
				INFOPLIST_KEY_UILaunchStoryboardName = LaunchScreen;
				INFOPLIST_KEY_UIMainStoryboardFile = Main;
				INFOPLIST_KEY_UISupportedInterfaceOrientations_iPad = "UIInterfaceOrientationPortrait UIInterfaceOrientationPortraitUpsideDown UIInterfaceOrientationLandscapeLeft UIInterfaceOrientationLandscapeRight";
				INFOPLIST_KEY_UISupportedInterfaceOrientations_iPhone = "UIInterfaceOrientationPortrait UIInterfaceOrientationLandscapeLeft UIInterfaceOrientationLandscapeRight";
				LD_RUNPATH_SEARCH_PATHS = (
					"$(inherited)",
					"@executable_path/Frameworks",
				);
				MARKETING_VERSION = 1.0;
				PRODUCT_BUNDLE_IDENTIFIER = "anyone.GameCards-Project";
				PRODUCT_NAME = "$(TARGET_NAME)";
				SWIFT_EMIT_LOC_STRINGS = YES;
				SWIFT_VERSION = 5.0;
				TARGETED_DEVICE_FAMILY = "1,2";
			};
			name = Release;
		};
		3F2414662BA0902D00AC50CB /* Debug */ = {
			isa = XCBuildConfiguration;
			buildSettings = {
				ALWAYS_EMBED_SWIFT_STANDARD_LIBRARIES = YES;
				BUNDLE_LOADER = "$(TEST_HOST)";
				CODE_SIGN_STYLE = Automatic;
				CURRENT_PROJECT_VERSION = 1;
				GENERATE_INFOPLIST_FILE = YES;
				IPHONEOS_DEPLOYMENT_TARGET = 17.4;
				MARKETING_VERSION = 1.0;
				PRODUCT_BUNDLE_IDENTIFIER = "anyone.GameCards-ProjectTests";
				PRODUCT_NAME = "$(TARGET_NAME)";
				SWIFT_EMIT_LOC_STRINGS = NO;
				SWIFT_VERSION = 5.0;
				TARGETED_DEVICE_FAMILY = "1,2";
				TEST_HOST = "$(BUILT_PRODUCTS_DIR)/GameCards_Project.app/$(BUNDLE_EXECUTABLE_FOLDER_PATH)/GameCards_Project";
			};
			name = Debug;
		};
		3F2414672BA0902D00AC50CB /* Release */ = {
			isa = XCBuildConfiguration;
			buildSettings = {
				ALWAYS_EMBED_SWIFT_STANDARD_LIBRARIES = YES;
				BUNDLE_LOADER = "$(TEST_HOST)";
				CODE_SIGN_STYLE = Automatic;
				CURRENT_PROJECT_VERSION = 1;
				GENERATE_INFOPLIST_FILE = YES;
				IPHONEOS_DEPLOYMENT_TARGET = 17.4;
				MARKETING_VERSION = 1.0;
				PRODUCT_BUNDLE_IDENTIFIER = "anyone.GameCards-ProjectTests";
				PRODUCT_NAME = "$(TARGET_NAME)";
				SWIFT_EMIT_LOC_STRINGS = NO;
				SWIFT_VERSION = 5.0;
				TARGETED_DEVICE_FAMILY = "1,2";
				TEST_HOST = "$(BUILT_PRODUCTS_DIR)/GameCards_Project.app/$(BUNDLE_EXECUTABLE_FOLDER_PATH)/GameCards_Project";
			};
			name = Release;
		};
		3F2414692BA0902D00AC50CB /* Debug */ = {
			isa = XCBuildConfiguration;
			buildSettings = {
				ALWAYS_EMBED_SWIFT_STANDARD_LIBRARIES = YES;
				CODE_SIGN_STYLE = Automatic;
				CURRENT_PROJECT_VERSION = 1;
				GENERATE_INFOPLIST_FILE = YES;
				MARKETING_VERSION = 1.0;
				PRODUCT_BUNDLE_IDENTIFIER = "anyone.GameCards-ProjectUITests";
				PRODUCT_NAME = "$(TARGET_NAME)";
				SWIFT_EMIT_LOC_STRINGS = NO;
				SWIFT_VERSION = 5.0;
				TARGETED_DEVICE_FAMILY = "1,2";
				TEST_TARGET_NAME = GameCards_Project;
			};
			name = Debug;
		};
		3F24146A2BA0902D00AC50CB /* Release */ = {
			isa = XCBuildConfiguration;
			buildSettings = {
				ALWAYS_EMBED_SWIFT_STANDARD_LIBRARIES = YES;
				CODE_SIGN_STYLE = Automatic;
				CURRENT_PROJECT_VERSION = 1;
				GENERATE_INFOPLIST_FILE = YES;
				MARKETING_VERSION = 1.0;
				PRODUCT_BUNDLE_IDENTIFIER = "anyone.GameCards-ProjectUITests";
				PRODUCT_NAME = "$(TARGET_NAME)";
				SWIFT_EMIT_LOC_STRINGS = NO;
				SWIFT_VERSION = 5.0;
				TARGETED_DEVICE_FAMILY = "1,2";
				TEST_TARGET_NAME = GameCards_Project;
			};
			name = Release;
		};
/* End XCBuildConfiguration section */

/* Begin XCConfigurationList section */
		3F2414332BA0902800AC50CB /* Build configuration list for PBXProject "GameCards_Project" */ = {
			isa = XCConfigurationList;
			buildConfigurations = (
				3F2414602BA0902D00AC50CB /* Debug */,
				3F2414612BA0902D00AC50CB /* Release */,
			);
			defaultConfigurationIsVisible = 0;
			defaultConfigurationName = Release;
		};
		3F2414622BA0902D00AC50CB /* Build configuration list for PBXNativeTarget "GameCards_Project" */ = {
			isa = XCConfigurationList;
			buildConfigurations = (
				3F2414632BA0902D00AC50CB /* Debug */,
				3F2414642BA0902D00AC50CB /* Release */,
			);
			defaultConfigurationIsVisible = 0;
			defaultConfigurationName = Release;
		};
		3F2414652BA0902D00AC50CB /* Build configuration list for PBXNativeTarget "GameCards_ProjectTests" */ = {
			isa = XCConfigurationList;
			buildConfigurations = (
				3F2414662BA0902D00AC50CB /* Debug */,
				3F2414672BA0902D00AC50CB /* Release */,
			);
			defaultConfigurationIsVisible = 0;
			defaultConfigurationName = Release;
		};
		3F2414682BA0902D00AC50CB /* Build configuration list for PBXNativeTarget "GameCards_ProjectUITests" */ = {
			isa = XCConfigurationList;
			buildConfigurations = (
				3F2414692BA0902D00AC50CB /* Debug */,
				3F24146A2BA0902D00AC50CB /* Release */,
			);
			defaultConfigurationIsVisible = 0;
			defaultConfigurationName = Release;
		};
/* End XCConfigurationList section */
	};
	rootObject = 3F2414302BA0902800AC50CB /* Project object */;
}
